
Microsoft Visual Studio Solution File, Format Version 12.00
# Visual Studio 14
VisualStudioVersion = 14.0.24720.0
MinimumVisualStudioVersion = 10.0.40219.1
Project("{FAE04EC0-301F-11D3-BF4B-00C04F79EFBC}") = "ConsoleApplication1", "ConsoleApplication1\ConsoleApplication1.csproj", "{DBEE4A33-1D53-4C42-8722-6110B3078739}"
EndProject
Project("{2150E333-8FDC-42A3-9474-1A3956D46DE8}") = "DesignMode", "DesignMode", "{7FCEC565-D7F1-44BD-9509-3C135DC15834}"
EndProject
Project("{2150E333-8FDC-42A3-9474-1A3956D46DE8}") = "Client", "Client", "{308212C0-9B24-46B1-B40D-9AB72B94400B}"
EndProject
Project("{FAE04EC0-301F-11D3-BF4B-00C04F79EFBC}") = "Singleton", "Singleton\Singleton.csproj", "{7EBDA0BD-93D8-46C8-91F7-981070F1472A}"
EndProject
Project("{FAE04EC0-301F-11D3-BF4B-00C04F79EFBC}") = "FactoryMode", "FactoryMode\FactoryMode.csproj", "{02514189-225E-4E4E-89E9-936FF8A38FDA}"
EndProject
Project("{FAE04EC0-301F-11D3-BF4B-00C04F79EFBC}") = "AbstractFactoryMode", "AbstractFactoryMode\AbstractFactoryMode.csproj", "{775665B6-12F3-45A3-9DEC-27F41755C0F1}"
EndProject
Project("{FAE04EC0-301F-11D3-BF4B-00C04F79EFBC}") = "BuilderMode", "BuilderMode\BuilderMode.csproj", "{B78C6CAD-1F29-4C2C-B108-9B905EDDCCD4}"
EndProject
Project("{FAE04EC0-301F-11D3-BF4B-00C04F79EFBC}") = "PrototypeMode", "PrototypeMode\PrototypeMode.csproj", "{CF24A0D5-B6B2-4723-BF6D-AA786D4917E7}"
EndProject
Project("{FAE04EC0-301F-11D3-BF4B-00C04F79EFBC}") = "AdapterMode", "AdapterMode\AdapterMode.csproj", "{4BA624AD-8CF9-4AF3-BC6A-97767C2D49EC}"
EndProject
Project("{FAE04EC0-301F-11D3-BF4B-00C04F79EFBC}") = "CompositeMode", "CompositeMode\CompositeMode.csproj", "{C720B350-711C-4D81-9413-D43A93F3A7C3}"
EndProject
Project("{FAE04EC0-301F-11D3-BF4B-00C04F79EFBC}") = "VistorPatternModel", "VistorPattern\VistorPatternModel.csproj", "{A2CEEA73-8D47-4CAC-9DDF-C478FDC181C1}"
EndProject
Project("{FAE04EC0-301F-11D3-BF4B-00C04F79EFBC}") = "StatePatternModel", "StatePatternSample\StatePatternModel.csproj", "{943DEE29-5F67-41CC-B07C-A885B7071111}"
EndProject
Global
	GlobalSection(SolutionConfigurationPlatforms) = preSolution
		Debug|Any CPU = Debug|Any CPU
		Release|Any CPU = Release|Any CPU
	EndGlobalSection
	GlobalSection(ProjectConfigurationPlatforms) = postSolution
		{DBEE4A33-1D53-4C42-8722-6110B3078739}.Debug|Any CPU.ActiveCfg = Debug|Any CPU
		{DBEE4A33-1D53-4C42-8722-6110B3078739}.Debug|Any CPU.Build.0 = Debug|Any CPU
		{DBEE4A33-1D53-4C42-8722-6110B3078739}.Release|Any CPU.ActiveCfg = Release|Any CPU
		{DBEE4A33-1D53-4C42-8722-6110B3078739}.Release|Any CPU.Build.0 = Release|Any CPU
		{7EBDA0BD-93D8-46C8-91F7-981070F1472A}.Debug|Any CPU.ActiveCfg = Debug|Any CPU
		{7EBDA0BD-93D8-46C8-91F7-981070F1472A}.Debug|Any CPU.Build.0 = Debug|Any CPU
		{7EBDA0BD-93D8-46C8-91F7-981070F1472A}.Release|Any CPU.ActiveCfg = Release|Any CPU
		{7EBDA0BD-93D8-46C8-91F7-981070F1472A}.Release|Any CPU.Build.0 = Release|Any CPU
		{02514189-225E-4E4E-89E9-936FF8A38FDA}.Debug|Any CPU.ActiveCfg = Debug|Any CPU
		{02514189-225E-4E4E-89E9-936FF8A38FDA}.Debug|Any CPU.Build.0 = Debug|Any CPU
		{02514189-225E-4E4E-89E9-936FF8A38FDA}.Release|Any CPU.ActiveCfg = Release|Any CPU
		{02514189-225E-4E4E-89E9-936FF8A38FDA}.Release|Any CPU.Build.0 = Release|Any CPU
		{775665B6-12F3-45A3-9DEC-27F41755C0F1}.Debug|Any CPU.ActiveCfg = Debug|Any CPU
		{775665B6-12F3-45A3-9DEC-27F41755C0F1}.Debug|Any CPU.Build.0 = Debug|Any CPU
		{775665B6-12F3-45A3-9DEC-27F41755C0F1}.Release|Any CPU.ActiveCfg = Release|Any CPU
		{775665B6-12F3-45A3-9DEC-27F41755C0F1}.Release|Any CPU.Build.0 = Release|Any CPU
		{B78C6CAD-1F29-4C2C-B108-9B905EDDCCD4}.Debug|Any CPU.ActiveCfg = Debug|Any CPU
		{B78C6CAD-1F29-4C2C-B108-9B905EDDCCD4}.Debug|Any CPU.Build.0 = Debug|Any CPU
		{B78C6CAD-1F29-4C2C-B108-9B905EDDCCD4}.Release|Any CPU.ActiveCfg = Release|Any CPU
		{B78C6CAD-1F29-4C2C-B108-9B905EDDCCD4}.Release|Any CPU.Build.0 = Release|Any CPU
		{CF24A0D5-B6B2-4723-BF6D-AA786D4917E7}.Debug|Any CPU.ActiveCfg = Debug|Any CPU
		{CF24A0D5-B6B2-4723-BF6D-AA786D4917E7}.Debug|Any CPU.Build.0 = Debug|Any CPU
		{CF24A0D5-B6B2-4723-BF6D-AA786D4917E7}.Release|Any CPU.ActiveCfg = Release|Any CPU
		{CF24A0D5-B6B2-4723-BF6D-AA786D4917E7}.Release|Any CPU.Build.0 = Release|Any CPU
		{4BA624AD-8CF9-4AF3-BC6A-97767C2D49EC}.Debug|Any CPU.ActiveCfg = Debug|Any CPU
		{4BA624AD-8CF9-4AF3-BC6A-97767C2D49EC}.Debug|Any CPU.Build.0 = Debug|Any CPU
		{4BA624AD-8CF9-4AF3-BC6A-97767C2D49EC}.Release|Any CPU.ActiveCfg = Release|Any CPU
		{4BA624AD-8CF9-4AF3-BC6A-97767C2D49EC}.Release|Any CPU.Build.0 = Release|Any CPU
		{C720B350-711C-4D81-9413-D43A93F3A7C3}.Debug|Any CPU.ActiveCfg = Debug|Any CPU
		{C720B350-711C-4D81-9413-D43A93F3A7C3}.Debug|Any CPU.Build.0 = Debug|Any CPU
		{C720B350-711C-4D81-9413-D43A93F3A7C3}.Release|Any CPU.ActiveCfg = Release|Any CPU
		{C720B350-711C-4D81-9413-D43A93F3A7C3}.Release|Any CPU.Build.0 = Release|Any CPU
		{A2CEEA73-8D47-4CAC-9DDF-C478FDC181C1}.Debug|Any CPU.ActiveCfg = Debug|Any CPU
		{A2CEEA73-8D47-4CAC-9DDF-C478FDC181C1}.Debug|Any CPU.Build.0 = Debug|Any CPU
		{A2CEEA73-8D47-4CAC-9DDF-C478FDC181C1}.Release|Any CPU.ActiveCfg = Release|Any CPU
		{A2CEEA73-8D47-4CAC-9DDF-C478FDC181C1}.Release|Any CPU.Build.0 = Release|Any CPU
		{943DEE29-5F67-41CC-B07C-A885B7071111}.Debug|Any CPU.ActiveCfg = Debug|Any CPU
		{943DEE29-5F67-41CC-B07C-A885B7071111}.Debug|Any CPU.Build.0 = Debug|Any CPU
		{943DEE29-5F67-41CC-B07C-A885B7071111}.Release|Any CPU.ActiveCfg = Release|Any CPU
		{943DEE29-5F67-41CC-B07C-A885B7071111}.Release|Any CPU.Build.0 = Release|Any CPU
	EndGlobalSection
	GlobalSection(SolutionProperties) = preSolution
		HideSolutionNode = FALSE
	EndGlobalSection
	GlobalSection(NestedProjects) = preSolution
		{DBEE4A33-1D53-4C42-8722-6110B3078739} = {308212C0-9B24-46B1-B40D-9AB72B94400B}
		{7EBDA0BD-93D8-46C8-91F7-981070F1472A} = {7FCEC565-D7F1-44BD-9509-3C135DC15834}
		{02514189-225E-4E4E-89E9-936FF8A38FDA} = {7FCEC565-D7F1-44BD-9509-3C135DC15834}
		{775665B6-12F3-45A3-9DEC-27F41755C0F1} = {7FCEC565-D7F1-44BD-9509-3C135DC15834}
		{B78C6CAD-1F29-4C2C-B108-9B905EDDCCD4} = {7FCEC565-D7F1-44BD-9509-3C135DC15834}
		{CF24A0D5-B6B2-4723-BF6D-AA786D4917E7} = {7FCEC565-D7F1-44BD-9509-3C135DC15834}
		{4BA624AD-8CF9-4AF3-BC6A-97767C2D49EC} = {7FCEC565-D7F1-44BD-9509-3C135DC15834}
		{C720B350-711C-4D81-9413-D43A93F3A7C3} = {7FCEC565-D7F1-44BD-9509-3C135DC15834}
		{A2CEEA73-8D47-4CAC-9DDF-C478FDC181C1} = {7FCEC565-D7F1-44BD-9509-3C135DC15834}
		{943DEE29-5F67-41CC-B07C-A885B7071111} = {7FCEC565-D7F1-44BD-9509-3C135DC15834}
	EndGlobalSection
EndGlobal
